// !$*UTF8*$!
{
	archiveVersion = 1;
	classes = {
	};
	objectVersion = 51;
	objects = {

/* Begin PBXBuildFile section */
		0A78DDCA6BB864122A46306F /* Pods_dTalk.framework in Frameworks */ = {isa = PBXBuildFile; fileRef = CEAE6326927B47843C2510E6 /* Pods_dTalk.framework */; };
		1B21923ED297D70FF42333B0 /* Pods_dTalk_dTalkUITests.framework in Frameworks */ = {isa = PBXBuildFile; fileRef = A126059D128E0BA2FE03A852 /* Pods_dTalk_dTalkUITests.framework */; };
		93072B6924DC1C0A00A4C85A /* SearchContactsViewController.swift in Sources */ = {isa = PBXBuildFile; fileRef = 93072B6824DC1C0A00A4C85A /* SearchContactsViewController.swift */; };
		93072B6F24DC2D8C00A4C85A /* ProfileViewController.swift in Sources */ = {isa = PBXBuildFile; fileRef = 93072B6E24DC2D8C00A4C85A /* ProfileViewController.swift */; };
		93072B7124DC325A00A4C85A /* SettingsViewController.swift in Sources */ = {isa = PBXBuildFile; fileRef = 93072B7024DC325A00A4C85A /* SettingsViewController.swift */; };
		93072B7424DC336F00A4C85A /* SettingsTableViewCell.swift in Sources */ = {isa = PBXBuildFile; fileRef = 93072B7224DC336F00A4C85A /* SettingsTableViewCell.swift */; };
		93072B7524DC336F00A4C85A /* SettingsTableViewCell.xib in Resources */ = {isa = PBXBuildFile; fileRef = 93072B7324DC336F00A4C85A /* SettingsTableViewCell.xib */; };
		93CAEDFA24D5FF00000CFF06 /* AppDelegate.swift in Sources */ = {isa = PBXBuildFile; fileRef = 93CAEDF924D5FF00000CFF06 /* AppDelegate.swift */; };
		93CAEDFC24D5FF00000CFF06 /* SceneDelegate.swift in Sources */ = {isa = PBXBuildFile; fileRef = 93CAEDFB24D5FF00000CFF06 /* SceneDelegate.swift */; };
		93CAEDFE24D5FF00000CFF06 /* LoginViewController.swift in Sources */ = {isa = PBXBuildFile; fileRef = 93CAEDFD24D5FF00000CFF06 /* LoginViewController.swift */; };
		93CAEE0124D5FF00000CFF06 /* Main.storyboard in Resources */ = {isa = PBXBuildFile; fileRef = 93CAEDFF24D5FF00000CFF06 /* Main.storyboard */; };
		93CAEE0424D5FF00000CFF06 /* dTalk.xcdatamodeld in Sources */ = {isa = PBXBuildFile; fileRef = 93CAEE0224D5FF00000CFF06 /* dTalk.xcdatamodeld */; };
		93CAEE0624D5FF01000CFF06 /* Assets.xcassets in Resources */ = {isa = PBXBuildFile; fileRef = 93CAEE0524D5FF01000CFF06 /* Assets.xcassets */; };
		93CAEE0924D5FF01000CFF06 /* LaunchScreen.storyboard in Resources */ = {isa = PBXBuildFile; fileRef = 93CAEE0724D5FF01000CFF06 /* LaunchScreen.storyboard */; };
		93CAEE1424D5FF01000CFF06 /* dTalkTests.swift in Sources */ = {isa = PBXBuildFile; fileRef = 93CAEE1324D5FF01000CFF06 /* dTalkTests.swift */; };
		93CAEE1F24D5FF01000CFF06 /* dTalkUITests.swift in Sources */ = {isa = PBXBuildFile; fileRef = 93CAEE1E24D5FF01000CFF06 /* dTalkUITests.swift */; };
		93CAEE2D24D6242A000CFF06 /* RegisterViewController.swift in Sources */ = {isa = PBXBuildFile; fileRef = 93CAEE2C24D6242A000CFF06 /* RegisterViewController.swift */; };
		93DE70CA24DACDC90028723C /* GoogleService-Info.plist in Resources */ = {isa = PBXBuildFile; fileRef = 93DE70C924DACDC80028723C /* GoogleService-Info.plist */; };
		AF217829D94BBC6753E38083 /* Pods_dTalkTests.framework in Frameworks */ = {isa = PBXBuildFile; fileRef = 3F13D4BAC010A98D989AC983 /* Pods_dTalkTests.framework */; };
/* End PBXBuildFile section */

/* Begin PBXContainerItemProxy section */
		93CAEE1024D5FF01000CFF06 /* PBXContainerItemProxy */ = {
			isa = PBXContainerItemProxy;
			containerPortal = 93CAEDEE24D5FF00000CFF06 /* Project object */;
			proxyType = 1;
			remoteGlobalIDString = 93CAEDF524D5FF00000CFF06;
			remoteInfo = dTalk;
		};
		93CAEE1B24D5FF01000CFF06 /* PBXContainerItemProxy */ = {
			isa = PBXContainerItemProxy;
			containerPortal = 93CAEDEE24D5FF00000CFF06 /* Project object */;
			proxyType = 1;
			remoteGlobalIDString = 93CAEDF524D5FF00000CFF06;
			remoteInfo = dTalk;
		};
/* End PBXContainerItemProxy section */

/* Begin PBXFileReference section */
		11247CD626A816F070ACFE6D /* Pods-dTalkTests.debug.xcconfig */ = {isa = PBXFileReference; includeInIndex = 1; lastKnownFileType = text.xcconfig; name = "Pods-dTalkTests.debug.xcconfig"; path = "Target Support Files/Pods-dTalkTests/Pods-dTalkTests.debug.xcconfig"; sourceTree = "<group>"; };
		3F13D4BAC010A98D989AC983 /* Pods_dTalkTests.framework */ = {isa = PBXFileReference; explicitFileType = wrapper.framework; includeInIndex = 0; path = Pods_dTalkTests.framework; sourceTree = BUILT_PRODUCTS_DIR; };
		540EEDFB149A2E5E7DF1EE17 /* Pods-dTalk-dTalkUITests.debug.xcconfig */ = {isa = PBXFileReference; includeInIndex = 1; lastKnownFileType = text.xcconfig; name = "Pods-dTalk-dTalkUITests.debug.xcconfig"; path = "Target Support Files/Pods-dTalk-dTalkUITests/Pods-dTalk-dTalkUITests.debug.xcconfig"; sourceTree = "<group>"; };
		70EA3654E67542AFBE2AA644 /* Pods-dTalk-dTalkUITests.release.xcconfig */ = {isa = PBXFileReference; includeInIndex = 1; lastKnownFileType = text.xcconfig; name = "Pods-dTalk-dTalkUITests.release.xcconfig"; path = "Target Support Files/Pods-dTalk-dTalkUITests/Pods-dTalk-dTalkUITests.release.xcconfig"; sourceTree = "<group>"; };
		7CC839BDE23C8BE446839E3E /* Pods-dTalk.release.xcconfig */ = {isa = PBXFileReference; includeInIndex = 1; lastKnownFileType = text.xcconfig; name = "Pods-dTalk.release.xcconfig"; path = "Target Support Files/Pods-dTalk/Pods-dTalk.release.xcconfig"; sourceTree = "<group>"; };
		93072B6824DC1C0A00A4C85A /* SearchContactsViewController.swift */ = {isa = PBXFileReference; lastKnownFileType = sourcecode.swift; path = SearchContactsViewController.swift; sourceTree = "<group>"; };
		93072B6E24DC2D8C00A4C85A /* ProfileViewController.swift */ = {isa = PBXFileReference; lastKnownFileType = sourcecode.swift; path = ProfileViewController.swift; sourceTree = "<group>"; };
		93072B7024DC325A00A4C85A /* SettingsViewController.swift */ = {isa = PBXFileReference; lastKnownFileType = sourcecode.swift; path = SettingsViewController.swift; sourceTree = "<group>"; };
		93072B7224DC336F00A4C85A /* SettingsTableViewCell.swift */ = {isa = PBXFileReference; lastKnownFileType = sourcecode.swift; path = SettingsTableViewCell.swift; sourceTree = "<group>"; };
		93072B7324DC336F00A4C85A /* SettingsTableViewCell.xib */ = {isa = PBXFileReference; lastKnownFileType = file.xib; path = SettingsTableViewCell.xib; sourceTree = "<group>"; };
		93CAEDF624D5FF00000CFF06 /* dTalk.app */ = {isa = PBXFileReference; explicitFileType = wrapper.application; includeInIndex = 0; path = dTalk.app; sourceTree = BUILT_PRODUCTS_DIR; };
		93CAEDF924D5FF00000CFF06 /* AppDelegate.swift */ = {isa = PBXFileReference; lastKnownFileType = sourcecode.swift; path = AppDelegate.swift; sourceTree = "<group>"; };
		93CAEDFB24D5FF00000CFF06 /* SceneDelegate.swift */ = {isa = PBXFileReference; lastKnownFileType = sourcecode.swift; path = SceneDelegate.swift; sourceTree = "<group>"; };
		93CAEDFD24D5FF00000CFF06 /* LoginViewController.swift */ = {isa = PBXFileReference; lastKnownFileType = sourcecode.swift; path = LoginViewController.swift; sourceTree = "<group>"; };
		93CAEE0024D5FF00000CFF06 /* Base */ = {isa = PBXFileReference; lastKnownFileType = file.storyboard; name = Base; path = Base.lproj/Main.storyboard; sourceTree = "<group>"; };
		93CAEE0324D5FF00000CFF06 /* dTalk.xcdatamodel */ = {isa = PBXFileReference; lastKnownFileType = wrapper.xcdatamodel; path = dTalk.xcdatamodel; sourceTree = "<group>"; };
		93CAEE0524D5FF01000CFF06 /* Assets.xcassets */ = {isa = PBXFileReference; lastKnownFileType = folder.assetcatalog; path = Assets.xcassets; sourceTree = "<group>"; };
		93CAEE0824D5FF01000CFF06 /* Base */ = {isa = PBXFileReference; lastKnownFileType = file.storyboard; name = Base; path = Base.lproj/LaunchScreen.storyboard; sourceTree = "<group>"; };
		93CAEE0A24D5FF01000CFF06 /* Info.plist */ = {isa = PBXFileReference; lastKnownFileType = text.plist.xml; path = Info.plist; sourceTree = "<group>"; };
		93CAEE0F24D5FF01000CFF06 /* dTalkTests.xctest */ = {isa = PBXFileReference; explicitFileType = wrapper.cfbundle; includeInIndex = 0; path = dTalkTests.xctest; sourceTree = BUILT_PRODUCTS_DIR; };
		93CAEE1324D5FF01000CFF06 /* dTalkTests.swift */ = {isa = PBXFileReference; lastKnownFileType = sourcecode.swift; path = dTalkTests.swift; sourceTree = "<group>"; };
		93CAEE1524D5FF01000CFF06 /* Info.plist */ = {isa = PBXFileReference; lastKnownFileType = text.plist.xml; path = Info.plist; sourceTree = "<group>"; };
		93CAEE1A24D5FF01000CFF06 /* dTalkUITests.xctest */ = {isa = PBXFileReference; explicitFileType = wrapper.cfbundle; includeInIndex = 0; path = dTalkUITests.xctest; sourceTree = BUILT_PRODUCTS_DIR; };
		93CAEE1E24D5FF01000CFF06 /* dTalkUITests.swift */ = {isa = PBXFileReference; lastKnownFileType = sourcecode.swift; path = dTalkUITests.swift; sourceTree = "<group>"; };
		93CAEE2024D5FF01000CFF06 /* Info.plist */ = {isa = PBXFileReference; lastKnownFileType = text.plist.xml; path = Info.plist; sourceTree = "<group>"; };
		93CAEE2C24D6242A000CFF06 /* RegisterViewController.swift */ = {isa = PBXFileReference; lastKnownFileType = sourcecode.swift; path = RegisterViewController.swift; sourceTree = "<group>"; };
		93DE70C924DACDC80028723C /* GoogleService-Info.plist */ = {isa = PBXFileReference; fileEncoding = 4; lastKnownFileType = text.plist.xml; path = "GoogleService-Info.plist"; sourceTree = "<group>"; };
		A126059D128E0BA2FE03A852 /* Pods_dTalk_dTalkUITests.framework */ = {isa = PBXFileReference; explicitFileType = wrapper.framework; includeInIndex = 0; path = Pods_dTalk_dTalkUITests.framework; sourceTree = BUILT_PRODUCTS_DIR; };
		B07544878F7E8CEBE77467B2 /* Pods-dTalk.debug.xcconfig */ = {isa = PBXFileReference; includeInIndex = 1; lastKnownFileType = text.xcconfig; name = "Pods-dTalk.debug.xcconfig"; path = "Target Support Files/Pods-dTalk/Pods-dTalk.debug.xcconfig"; sourceTree = "<group>"; };
		BB868755F8B5E68D44680AE9 /* Pods-dTalkTests.release.xcconfig */ = {isa = PBXFileReference; includeInIndex = 1; lastKnownFileType = text.xcconfig; name = "Pods-dTalkTests.release.xcconfig"; path = "Target Support Files/Pods-dTalkTests/Pods-dTalkTests.release.xcconfig"; sourceTree = "<group>"; };
		CEAE6326927B47843C2510E6 /* Pods_dTalk.framework */ = {isa = PBXFileReference; explicitFileType = wrapper.framework; includeInIndex = 0; path = Pods_dTalk.framework; sourceTree = BUILT_PRODUCTS_DIR; };
/* End PBXFileReference section */

/* Begin PBXFrameworksBuildPhase section */
		93CAEDF324D5FF00000CFF06 /* Frameworks */ = {
			isa = PBXFrameworksBuildPhase;
			buildActionMask = 2147483647;
			files = (
				0A78DDCA6BB864122A46306F /* Pods_dTalk.framework in Frameworks */,
			);
			runOnlyForDeploymentPostprocessing = 0;
		};
		93CAEE0C24D5FF01000CFF06 /* Frameworks */ = {
			isa = PBXFrameworksBuildPhase;
			buildActionMask = 2147483647;
			files = (
				AF217829D94BBC6753E38083 /* Pods_dTalkTests.framework in Frameworks */,
			);
			runOnlyForDeploymentPostprocessing = 0;
		};
		93CAEE1724D5FF01000CFF06 /* Frameworks */ = {
			isa = PBXFrameworksBuildPhase;
			buildActionMask = 2147483647;
			files = (
				1B21923ED297D70FF42333B0 /* Pods_dTalk_dTalkUITests.framework in Frameworks */,
			);
			runOnlyForDeploymentPostprocessing = 0;
		};
/* End PBXFrameworksBuildPhase section */

/* Begin PBXGroup section */
		29E6C7E1BFDEB66F1B751C74 /* Pods */ = {
			isa = PBXGroup;
			children = (
				B07544878F7E8CEBE77467B2 /* Pods-dTalk.debug.xcconfig */,
				7CC839BDE23C8BE446839E3E /* Pods-dTalk.release.xcconfig */,
				540EEDFB149A2E5E7DF1EE17 /* Pods-dTalk-dTalkUITests.debug.xcconfig */,
				70EA3654E67542AFBE2AA644 /* Pods-dTalk-dTalkUITests.release.xcconfig */,
				11247CD626A816F070ACFE6D /* Pods-dTalkTests.debug.xcconfig */,
				BB868755F8B5E68D44680AE9 /* Pods-dTalkTests.release.xcconfig */,
			);
			path = Pods;
			sourceTree = "<group>";
		};
		93CAEDED24D5FF00000CFF06 = {
			isa = PBXGroup;
			children = (
				93CAEDF824D5FF00000CFF06 /* dTalk */,
				93CAEE1224D5FF01000CFF06 /* dTalkTests */,
				93CAEE1D24D5FF01000CFF06 /* dTalkUITests */,
				93CAEDF724D5FF00000CFF06 /* Products */,
				29E6C7E1BFDEB66F1B751C74 /* Pods */,
				AC0A49A61621F207CAFDDB06 /* Frameworks */,
			);
			sourceTree = "<group>";
		};
		93CAEDF724D5FF00000CFF06 /* Products */ = {
			isa = PBXGroup;
			children = (
				93CAEDF624D5FF00000CFF06 /* dTalk.app */,
				93CAEE0F24D5FF01000CFF06 /* dTalkTests.xctest */,
				93CAEE1A24D5FF01000CFF06 /* dTalkUITests.xctest */,
			);
			name = Products;
			sourceTree = "<group>";
		};
		93CAEDF824D5FF00000CFF06 /* dTalk */ = {
			isa = PBXGroup;
			children = (
				93DE70C924DACDC80028723C /* GoogleService-Info.plist */,
				93CAEE3324D6EB27000CFF06 /* Resources */,
				93CAEE3224D6EB16000CFF06 /* Views */,
				93CAEE3124D6EB02000CFF06 /* Models */,
				93CAEE2F24D6EAD2000CFF06 /* ViewModels */,
				93CAEE2E24D6E763000CFF06 /* Controllers */,
				93CAEE0A24D5FF01000CFF06 /* Info.plist */,
				93CAEE0224D5FF00000CFF06 /* dTalk.xcdatamodeld */,
			);
			path = dTalk;
			sourceTree = "<group>";
		};
		93CAEE1224D5FF01000CFF06 /* dTalkTests */ = {
			isa = PBXGroup;
			children = (
				93CAEE1324D5FF01000CFF06 /* dTalkTests.swift */,
				93CAEE1524D5FF01000CFF06 /* Info.plist */,
			);
			path = dTalkTests;
			sourceTree = "<group>";
		};
		93CAEE1D24D5FF01000CFF06 /* dTalkUITests */ = {
			isa = PBXGroup;
			children = (
				93CAEE1E24D5FF01000CFF06 /* dTalkUITests.swift */,
				93CAEE2024D5FF01000CFF06 /* Info.plist */,
			);
			path = dTalkUITests;
			sourceTree = "<group>";
		};
		93CAEE2E24D6E763000CFF06 /* Controllers */ = {
			isa = PBXGroup;
			children = (
				93CAEE2C24D6242A000CFF06 /* RegisterViewController.swift */,
				93CAEDFD24D5FF00000CFF06 /* LoginViewController.swift */,
				93072B6824DC1C0A00A4C85A /* SearchContactsViewController.swift */,
				93072B6E24DC2D8C00A4C85A /* ProfileViewController.swift */,
				93072B7024DC325A00A4C85A /* SettingsViewController.swift */,
			);
			path = Controllers;
			sourceTree = "<group>";
		};
		93CAEE2F24D6EAD2000CFF06 /* ViewModels */ = {
			isa = PBXGroup;
			children = (
			);
			path = ViewModels;
			sourceTree = "<group>";
		};
		93CAEE3124D6EB02000CFF06 /* Models */ = {
			isa = PBXGroup;
			children = (
			);
			path = Models;
			sourceTree = "<group>";
		};
		93CAEE3224D6EB16000CFF06 /* Views */ = {
			isa = PBXGroup;
			children = (
				93CAEDFF24D5FF00000CFF06 /* Main.storyboard */,
				93CAEE0524D5FF01000CFF06 /* Assets.xcassets */,
				93CAEE0724D5FF01000CFF06 /* LaunchScreen.storyboard */,
				93072B7224DC336F00A4C85A /* SettingsTableViewCell.swift */,
				93072B7324DC336F00A4C85A /* SettingsTableViewCell.xib */,
			);
			path = Views;
			sourceTree = "<group>";
		};
		93CAEE3324D6EB27000CFF06 /* Resources */ = {
			isa = PBXGroup;
			children = (
				93CAEDF924D5FF00000CFF06 /* AppDelegate.swift */,
				93CAEDFB24D5FF00000CFF06 /* SceneDelegate.swift */,
			);
			path = Resources;
			sourceTree = "<group>";
		};
		AC0A49A61621F207CAFDDB06 /* Frameworks */ = {
			isa = PBXGroup;
			children = (
				CEAE6326927B47843C2510E6 /* Pods_dTalk.framework */,
				A126059D128E0BA2FE03A852 /* Pods_dTalk_dTalkUITests.framework */,
				3F13D4BAC010A98D989AC983 /* Pods_dTalkTests.framework */,
			);
			name = Frameworks;
			sourceTree = "<group>";
		};
/* End PBXGroup section */

/* Begin PBXNativeTarget section */
		93CAEDF524D5FF00000CFF06 /* dTalk */ = {
			isa = PBXNativeTarget;
			buildConfigurationList = 93CAEE2324D5FF01000CFF06 /* Build configuration list for PBXNativeTarget "dTalk" */;
			buildPhases = (
				3AB394B4FF4564C0C88B5AA9 /* [CP] Check Pods Manifest.lock */,
				93CAEDF224D5FF00000CFF06 /* Sources */,
				93CAEDF324D5FF00000CFF06 /* Frameworks */,
				93CAEDF424D5FF00000CFF06 /* Resources */,
				DBAEE7E6A675DAB9BA92244D /* [CP] Embed Pods Frameworks */,
			);
			buildRules = (
			);
			dependencies = (
			);
			name = dTalk;
			productName = dTalk;
			productReference = 93CAEDF624D5FF00000CFF06 /* dTalk.app */;
			productType = "com.apple.product-type.application";
		};
		93CAEE0E24D5FF01000CFF06 /* dTalkTests */ = {
			isa = PBXNativeTarget;
			buildConfigurationList = 93CAEE2624D5FF01000CFF06 /* Build configuration list for PBXNativeTarget "dTalkTests" */;
			buildPhases = (
				03EB4F7B4619C21D1B83C6D2 /* [CP] Check Pods Manifest.lock */,
				93CAEE0B24D5FF01000CFF06 /* Sources */,
				93CAEE0C24D5FF01000CFF06 /* Frameworks */,
				93CAEE0D24D5FF01000CFF06 /* Resources */,
			);
			buildRules = (
			);
			dependencies = (
				93CAEE1124D5FF01000CFF06 /* PBXTargetDependency */,
			);
			name = dTalkTests;
			productName = dTalkTests;
			productReference = 93CAEE0F24D5FF01000CFF06 /* dTalkTests.xctest */;
			productType = "com.apple.product-type.bundle.unit-test";
		};
		93CAEE1924D5FF01000CFF06 /* dTalkUITests */ = {
			isa = PBXNativeTarget;
			buildConfigurationList = 93CAEE2924D5FF01000CFF06 /* Build configuration list for PBXNativeTarget "dTalkUITests" */;
			buildPhases = (
				D20390BC24280410D9DE9EB8 /* [CP] Check Pods Manifest.lock */,
				93CAEE1624D5FF01000CFF06 /* Sources */,
				93CAEE1724D5FF01000CFF06 /* Frameworks */,
				93CAEE1824D5FF01000CFF06 /* Resources */,
				AD3AD40A7C63D73DFDEA08BE /* [CP] Embed Pods Frameworks */,
			);
			buildRules = (
			);
			dependencies = (
				93CAEE1C24D5FF01000CFF06 /* PBXTargetDependency */,
			);
			name = dTalkUITests;
			productName = dTalkUITests;
			productReference = 93CAEE1A24D5FF01000CFF06 /* dTalkUITests.xctest */;
			productType = "com.apple.product-type.bundle.ui-testing";
		};
/* End PBXNativeTarget section */

/* Begin PBXProject section */
		93CAEDEE24D5FF00000CFF06 /* Project object */ = {
			isa = PBXProject;
			attributes = {
				LastSwiftUpdateCheck = 1130;
				LastUpgradeCheck = 1130;
				ORGANIZATIONNAME = "Nikola Ticojevic";
				TargetAttributes = {
					93CAEDF524D5FF00000CFF06 = {
						CreatedOnToolsVersion = 11.3.1;
					};
					93CAEE0E24D5FF01000CFF06 = {
						CreatedOnToolsVersion = 11.3.1;
						TestTargetID = 93CAEDF524D5FF00000CFF06;
					};
					93CAEE1924D5FF01000CFF06 = {
						CreatedOnToolsVersion = 11.3.1;
						TestTargetID = 93CAEDF524D5FF00000CFF06;
					};
				};
			};
			buildConfigurationList = 93CAEDF124D5FF00000CFF06 /* Build configuration list for PBXProject "dTalk" */;
			compatibilityVersion = "Xcode 9.3";
			developmentRegion = en;
			hasScannedForEncodings = 0;
			knownRegions = (
				en,
				Base,
			);
			mainGroup = 93CAEDED24D5FF00000CFF06;
			productRefGroup = 93CAEDF724D5FF00000CFF06 /* Products */;
			projectDirPath = "";
			projectRoot = "";
			targets = (
				93CAEDF524D5FF00000CFF06 /* dTalk */,
				93CAEE0E24D5FF01000CFF06 /* dTalkTests */,
				93CAEE1924D5FF01000CFF06 /* dTalkUITests */,
			);
		};
/* End PBXProject section */

/* Begin PBXResourcesBuildPhase section */
		93CAEDF424D5FF00000CFF06 /* Resources */ = {
			isa = PBXResourcesBuildPhase;
			buildActionMask = 2147483647;
			files = (
				93CAEE0924D5FF01000CFF06 /* LaunchScreen.storyboard in Resources */,
				93DE70CA24DACDC90028723C /* GoogleService-Info.plist in Resources */,
				93CAEE0624D5FF01000CFF06 /* Assets.xcassets in Resources */,
				93072B7524DC336F00A4C85A /* SettingsTableViewCell.xib in Resources */,
				93CAEE0124D5FF00000CFF06 /* Main.storyboard in Resources */,
			);
			runOnlyForDeploymentPostprocessing = 0;
		};
		93CAEE0D24D5FF01000CFF06 /* Resources */ = {
			isa = PBXResourcesBuildPhase;
			buildActionMask = 2147483647;
			files = (
			);
			runOnlyForDeploymentPostprocessing = 0;
		};
		93CAEE1824D5FF01000CFF06 /* Resources */ = {
			isa = PBXResourcesBuildPhase;
			buildActionMask = 2147483647;
			files = (
			);
			runOnlyForDeploymentPostprocessing = 0;
		};
/* End PBXResourcesBuildPhase section */

/* Begin PBXShellScriptBuildPhase section */
		03EB4F7B4619C21D1B83C6D2 /* [CP] Check Pods Manifest.lock */ = {
			isa = PBXShellScriptBuildPhase;
			buildActionMask = 2147483647;
			files = (
			);
			inputFileListPaths = (
			);
			inputPaths = (
				"${PODS_PODFILE_DIR_PATH}/Podfile.lock",
				"${PODS_ROOT}/Manifest.lock",
			);
			name = "[CP] Check Pods Manifest.lock";
			outputFileListPaths = (
			);
			outputPaths = (
				"$(DERIVED_FILE_DIR)/Pods-dTalkTests-checkManifestLockResult.txt",
			);
			runOnlyForDeploymentPostprocessing = 0;
			shellPath = /bin/sh;
			shellScript = "diff \"${PODS_PODFILE_DIR_PATH}/Podfile.lock\" \"${PODS_ROOT}/Manifest.lock\" > /dev/null\nif [ $? != 0 ] ; then\n    # print error to STDERR\n    echo \"error: The sandbox is not in sync with the Podfile.lock. Run 'pod install' or update your CocoaPods installation.\" >&2\n    exit 1\nfi\n# This output is used by Xcode 'outputs' to avoid re-running this script phase.\necho \"SUCCESS\" > \"${SCRIPT_OUTPUT_FILE_0}\"\n";
			showEnvVarsInLog = 0;
		};
		3AB394B4FF4564C0C88B5AA9 /* [CP] Check Pods Manifest.lock */ = {
			isa = PBXShellScriptBuildPhase;
			buildActionMask = 2147483647;
			files = (
			);
			inputFileListPaths = (
			);
			inputPaths = (
				"${PODS_PODFILE_DIR_PATH}/Podfile.lock",
				"${PODS_ROOT}/Manifest.lock",
			);
			name = "[CP] Check Pods Manifest.lock";
			outputFileListPaths = (
			);
			outputPaths = (
				"$(DERIVED_FILE_DIR)/Pods-dTalk-checkManifestLockResult.txt",
			);
			runOnlyForDeploymentPostprocessing = 0;
			shellPath = /bin/sh;
			shellScript = "diff \"${PODS_PODFILE_DIR_PATH}/Podfile.lock\" \"${PODS_ROOT}/Manifest.lock\" > /dev/null\nif [ $? != 0 ] ; then\n    # print error to STDERR\n    echo \"error: The sandbox is not in sync with the Podfile.lock. Run 'pod install' or update your CocoaPods installation.\" >&2\n    exit 1\nfi\n# This output is used by Xcode 'outputs' to avoid re-running this script phase.\necho \"SUCCESS\" > \"${SCRIPT_OUTPUT_FILE_0}\"\n";
			showEnvVarsInLog = 0;
		};
		AD3AD40A7C63D73DFDEA08BE /* [CP] Embed Pods Frameworks */ = {
			isa = PBXShellScriptBuildPhase;
			buildActionMask = 2147483647;
			files = (
			);
			inputFileListPaths = (
				"${PODS_ROOT}/Target Support Files/Pods-dTalk-dTalkUITests/Pods-dTalk-dTalkUITests-frameworks-${CONFIGURATION}-input-files.xcfilelist",
			);
			name = "[CP] Embed Pods Frameworks";
			outputFileListPaths = (
				"${PODS_ROOT}/Target Support Files/Pods-dTalk-dTalkUITests/Pods-dTalk-dTalkUITests-frameworks-${CONFIGURATION}-output-files.xcfilelist",
			);
			runOnlyForDeploymentPostprocessing = 0;
			shellPath = /bin/sh;
			shellScript = "\"${PODS_ROOT}/Target Support Files/Pods-dTalk-dTalkUITests/Pods-dTalk-dTalkUITests-frameworks.sh\"\n";
			showEnvVarsInLog = 0;
		};
		D20390BC24280410D9DE9EB8 /* [CP] Check Pods Manifest.lock */ = {
			isa = PBXShellScriptBuildPhase;
			buildActionMask = 2147483647;
			files = (
			);
			inputFileListPaths = (
			);
			inputPaths = (
				"${PODS_PODFILE_DIR_PATH}/Podfile.lock",
				"${PODS_ROOT}/Manifest.lock",
			);
			name = "[CP] Check Pods Manifest.lock";
			outputFileListPaths = (
			);
			outputPaths = (
				"$(DERIVED_FILE_DIR)/Pods-dTalk-dTalkUITests-checkManifestLockResult.txt",
			);
			runOnlyForDeploymentPostprocessing = 0;
			shellPath = /bin/sh;
			shellScript = "diff \"${PODS_PODFILE_DIR_PATH}/Podfile.lock\" \"${PODS_ROOT}/Manifest.lock\" > /dev/null\nif [ $? != 0 ] ; then\n    # print error to STDERR\n    echo \"error: The sandbox is not in sync with the Podfile.lock. Run 'pod install' or update your CocoaPods installation.\" >&2\n    exit 1\nfi\n# This output is used by Xcode 'outputs' to avoid re-running this script phase.\necho \"SUCCESS\" > \"${SCRIPT_OUTPUT_FILE_0}\"\n";
			showEnvVarsInLog = 0;
		};
		DBAEE7E6A675DAB9BA92244D /* [CP] Embed Pods Frameworks */ = {
			isa = PBXShellScriptBuildPhase;
			buildActionMask = 2147483647;
			files = (
			);
			inputFileListPaths = (
				"${PODS_ROOT}/Target Support Files/Pods-dTalk/Pods-dTalk-frameworks-${CONFIGURATION}-input-files.xcfilelist",
			);
			name = "[CP] Embed Pods Frameworks";
			outputFileListPaths = (
				"${PODS_ROOT}/Target Support Files/Pods-dTalk/Pods-dTalk-frameworks-${CONFIGURATION}-output-files.xcfilelist",
			);
			runOnlyForDeploymentPostprocessing = 0;
			shellPath = /bin/sh;
			shellScript = "\"${PODS_ROOT}/Target Support Files/Pods-dTalk/Pods-dTalk-frameworks.sh\"\n";
			showEnvVarsInLog = 0;
		};
/* End PBXShellScriptBuildPhase section */

/* Begin PBXSourcesBuildPhase section */
		93CAEDF224D5FF00000CFF06 /* Sources */ = {
			isa = PBXSourcesBuildPhase;
			buildActionMask = 2147483647;
			files = (
				93CAEDFE24D5FF00000CFF06 /* LoginViewController.swift in Sources */,
				93CAEE2D24D6242A000CFF06 /* RegisterViewController.swift in Sources */,
				93072B7424DC336F00A4C85A /* SettingsTableViewCell.swift in Sources */,
				93CAEDFA24D5FF00000CFF06 /* AppDelegate.swift in Sources */,
				93072B6924DC1C0A00A4C85A /* SearchContactsViewController.swift in Sources */,
				93072B6F24DC2D8C00A4C85A /* ProfileViewController.swift in Sources */,
				93CAEE0424D5FF00000CFF06 /* dTalk.xcdatamodeld in Sources */,
				93CAEDFC24D5FF00000CFF06 /* SceneDelegate.swift in Sources */,
				93072B7124DC325A00A4C85A /* SettingsViewController.swift in Sources */,
			);
			runOnlyForDeploymentPostprocessing = 0;
		};
		93CAEE0B24D5FF01000CFF06 /* Sources */ = {
			isa = PBXSourcesBuildPhase;
			buildActionMask = 2147483647;
			files = (
				93CAEE1424D5FF01000CFF06 /* dTalkTests.swift in Sources */,
			);
			runOnlyForDeploymentPostprocessing = 0;
		};
		93CAEE1624D5FF01000CFF06 /* Sources */ = {
			isa = PBXSourcesBuildPhase;
			buildActionMask = 2147483647;
			files = (
				93CAEE1F24D5FF01000CFF06 /* dTalkUITests.swift in Sources */,
			);
			runOnlyForDeploymentPostprocessing = 0;
		};
/* End PBXSourcesBuildPhase section */

/* Begin PBXTargetDependency section */
		93CAEE1124D5FF01000CFF06 /* PBXTargetDependency */ = {
			isa = PBXTargetDependency;
			target = 93CAEDF524D5FF00000CFF06 /* dTalk */;
			targetProxy = 93CAEE1024D5FF01000CFF06 /* PBXContainerItemProxy */;
		};
		93CAEE1C24D5FF01000CFF06 /* PBXTargetDependency */ = {
			isa = PBXTargetDependency;
			target = 93CAEDF524D5FF00000CFF06 /* dTalk */;
			targetProxy = 93CAEE1B24D5FF01000CFF06 /* PBXContainerItemProxy */;
		};
/* End PBXTargetDependency section */

/* Begin PBXVariantGroup section */
		93CAEDFF24D5FF00000CFF06 /* Main.storyboard */ = {
			isa = PBXVariantGroup;
			children = (
				93CAEE0024D5FF00000CFF06 /* Base */,
			);
			name = Main.storyboard;
			sourceTree = "<group>";
		};
		93CAEE0724D5FF01000CFF06 /* LaunchScreen.storyboard */ = {
			isa = PBXVariantGroup;
			children = (
				93CAEE0824D5FF01000CFF06 /* Base */,
			);
			name = LaunchScreen.storyboard;
			sourceTree = "<group>";
		};
/* End PBXVariantGroup section */

/* Begin XCBuildConfiguration section */
		93CAEE2124D5FF01000CFF06 /* Debug */ = {
			isa = XCBuildConfiguration;
			buildSettings = {
				ALWAYS_SEARCH_USER_PATHS = NO;
				CLANG_ANALYZER_NONNULL = YES;
				CLANG_ANALYZER_NUMBER_OBJECT_CONVERSION = YES_AGGRESSIVE;
				CLANG_CXX_LANGUAGE_STANDARD = "gnu++14";
				CLANG_CXX_LIBRARY = "libc++";
				CLANG_ENABLE_MODULES = YES;
				CLANG_ENABLE_OBJC_ARC = YES;
				CLANG_ENABLE_OBJC_WEAK = YES;
				CLANG_WARN_BLOCK_CAPTURE_AUTORELEASING = YES;
				CLANG_WARN_BOOL_CONVERSION = YES;
				CLANG_WARN_COMMA = YES;
				CLANG_WARN_CONSTANT_CONVERSION = YES;
				CLANG_WARN_DEPRECATED_OBJC_IMPLEMENTATIONS = YES;
				CLANG_WARN_DIRECT_OBJC_ISA_USAGE = YES_ERROR;
				CLANG_WARN_DOCUMENTATION_COMMENTS = YES;
				CLANG_WARN_EMPTY_BODY = YES;
				CLANG_WARN_ENUM_CONVERSION = YES;
				CLANG_WARN_INFINITE_RECURSION = YES;
				CLANG_WARN_INT_CONVERSION = YES;
				CLANG_WARN_NON_LITERAL_NULL_CONVERSION = YES;
				CLANG_WARN_OBJC_IMPLICIT_RETAIN_SELF = YES;
				CLANG_WARN_OBJC_LITERAL_CONVERSION = YES;
				CLANG_WARN_OBJC_ROOT_CLASS = YES_ERROR;
				CLANG_WARN_RANGE_LOOP_ANALYSIS = YES;
				CLANG_WARN_STRICT_PROTOTYPES = YES;
				CLANG_WARN_SUSPICIOUS_MOVE = YES;
				CLANG_WARN_UNGUARDED_AVAILABILITY = YES_AGGRESSIVE;
				CLANG_WARN_UNREACHABLE_CODE = YES;
				CLANG_WARN__DUPLICATE_METHOD_MATCH = YES;
				COPY_PHASE_STRIP = NO;
				DEBUG_INFORMATION_FORMAT = dwarf;
				ENABLE_STRICT_OBJC_MSGSEND = YES;
				ENABLE_TESTABILITY = YES;
				GCC_C_LANGUAGE_STANDARD = gnu11;
				GCC_DYNAMIC_NO_PIC = NO;
				GCC_NO_COMMON_BLOCKS = YES;
				GCC_OPTIMIZATION_LEVEL = 0;
				GCC_PREPROCESSOR_DEFINITIONS = (
					"DEBUG=1",
					"$(inherited)",
				);
				GCC_WARN_64_TO_32_BIT_CONVERSION = YES;
				GCC_WARN_ABOUT_RETURN_TYPE = YES_ERROR;
				GCC_WARN_UNDECLARED_SELECTOR = YES;
				GCC_WARN_UNINITIALIZED_AUTOS = YES_AGGRESSIVE;
				GCC_WARN_UNUSED_FUNCTION = YES;
				GCC_WARN_UNUSED_VARIABLE = YES;
				IPHONEOS_DEPLOYMENT_TARGET = 13.2;
				MTL_ENABLE_DEBUG_INFO = INCLUDE_SOURCE;
				MTL_FAST_MATH = YES;
				ONLY_ACTIVE_ARCH = YES;
				SDKROOT = iphoneos;
				SWIFT_ACTIVE_COMPILATION_CONDITIONS = DEBUG;
				SWIFT_OPTIMIZATION_LEVEL = "-Onone";
			};
			name = Debug;
		};
		93CAEE2224D5FF01000CFF06 /* Release */ = {
			isa = XCBuildConfiguration;
			buildSettings = {
				ALWAYS_SEARCH_USER_PATHS = NO;
				CLANG_ANALYZER_NONNULL = YES;
				CLANG_ANALYZER_NUMBER_OBJECT_CONVERSION = YES_AGGRESSIVE;
				CLANG_CXX_LANGUAGE_STANDARD = "gnu++14";
				CLANG_CXX_LIBRARY = "libc++";
				CLANG_ENABLE_MODULES = YES;
				CLANG_ENABLE_OBJC_ARC = YES;
				CLANG_ENABLE_OBJC_WEAK = YES;
				CLANG_WARN_BLOCK_CAPTURE_AUTORELEASING = YES;
				CLANG_WARN_BOOL_CONVERSION = YES;
				CLANG_WARN_COMMA = YES;
				CLANG_WARN_CONSTANT_CONVERSION = YES;
				CLANG_WARN_DEPRECATED_OBJC_IMPLEMENTATIONS = YES;
				CLANG_WARN_DIRECT_OBJC_ISA_USAGE = YES_ERROR;
				CLANG_WARN_DOCUMENTATION_COMMENTS = YES;
				CLANG_WARN_EMPTY_BODY = YES;
				CLANG_WARN_ENUM_CONVERSION = YES;
				CLANG_WARN_INFINITE_RECURSION = YES;
				CLANG_WARN_INT_CONVERSION = YES;
				CLANG_WARN_NON_LITERAL_NULL_CONVERSION = YES;
				CLANG_WARN_OBJC_IMPLICIT_RETAIN_SELF = YES;
				CLANG_WARN_OBJC_LITERAL_CONVERSION = YES;
				CLANG_WARN_OBJC_ROOT_CLASS = YES_ERROR;
				CLANG_WARN_RANGE_LOOP_ANALYSIS = YES;
				CLANG_WARN_STRICT_PROTOTYPES = YES;
				CLANG_WARN_SUSPICIOUS_MOVE = YES;
				CLANG_WARN_UNGUARDED_AVAILABILITY = YES_AGGRESSIVE;
				CLANG_WARN_UNREACHABLE_CODE = YES;
				CLANG_WARN__DUPLICATE_METHOD_MATCH = YES;
				COPY_PHASE_STRIP = NO;
				DEBUG_INFORMATION_FORMAT = "dwarf-with-dsym";
				ENABLE_NS_ASSERTIONS = NO;
				ENABLE_STRICT_OBJC_MSGSEND = YES;
				GCC_C_LANGUAGE_STANDARD = gnu11;
				GCC_NO_COMMON_BLOCKS = YES;
				GCC_WARN_64_TO_32_BIT_CONVERSION = YES;
				GCC_WARN_ABOUT_RETURN_TYPE = YES_ERROR;
				GCC_WARN_UNDECLARED_SELECTOR = YES;
				GCC_WARN_UNINITIALIZED_AUTOS = YES_AGGRESSIVE;
				GCC_WARN_UNUSED_FUNCTION = YES;
				GCC_WARN_UNUSED_VARIABLE = YES;
				IPHONEOS_DEPLOYMENT_TARGET = 13.2;
				MTL_ENABLE_DEBUG_INFO = NO;
				MTL_FAST_MATH = YES;
				SDKROOT = iphoneos;
				SWIFT_COMPILATION_MODE = wholemodule;
				SWIFT_OPTIMIZATION_LEVEL = "-O";
				VALIDATE_PRODUCT = YES;
			};
			name = Release;
		};
		93CAEE2424D5FF01000CFF06 /* Debug */ = {
			isa = XCBuildConfiguration;
			baseConfigurationReference = B07544878F7E8CEBE77467B2 /* Pods-dTalk.debug.xcconfig */;
			buildSettings = {
				ASSETCATALOG_COMPILER_APPICON_NAME = AppIcon;
				CODE_SIGN_STYLE = Automatic;
				DEVELOPMENT_TEAM = MSAZQKNRM4;
				INFOPLIST_FILE = dTalk/Info.plist;
				LD_RUNPATH_SEARCH_PATHS = (
					"$(inherited)",
					"@executable_path/Frameworks",
				);
				PRODUCT_BUNDLE_IDENTIFIER = com.dTalk;
				PRODUCT_NAME = "$(TARGET_NAME)";
				SWIFT_VERSION = 5.0;
				TARGETED_DEVICE_FAMILY = "1,2";
			};
			name = Debug;
		};
		93CAEE2524D5FF01000CFF06 /* Release */ = {
			isa = XCBuildConfiguration;
			baseConfigurationReference = 7CC839BDE23C8BE446839E3E /* Pods-dTalk.release.xcconfig */;
			buildSettings = {
				ASSETCATALOG_COMPILER_APPICON_NAME = AppIcon;
				CODE_SIGN_STYLE = Automatic;
				DEVELOPMENT_TEAM = MSAZQKNRM4;
				INFOPLIST_FILE = dTalk/Info.plist;
				LD_RUNPATH_SEARCH_PATHS = (
					"$(inherited)",
					"@executable_path/Frameworks",
				);
				PRODUCT_BUNDLE_IDENTIFIER = com.dTalk;
				PRODUCT_NAME = "$(TARGET_NAME)";
				SWIFT_VERSION = 5.0;
				TARGETED_DEVICE_FAMILY = "1,2";
			};
			name = Release;
		};
		93CAEE2724D5FF01000CFF06 /* Debug */ = {
			isa = XCBuildConfiguration;
			baseConfigurationReference = 11247CD626A816F070ACFE6D /* Pods-dTalkTests.debug.xcconfig */;
			buildSettings = {
				ALWAYS_EMBED_SWIFT_STANDARD_LIBRARIES = YES;
				BUNDLE_LOADER = "$(TEST_HOST)";
				CODE_SIGN_STYLE = Automatic;
				DEVELOPMENT_TEAM = MSAZQKNRM4;
				INFOPLIST_FILE = dTalkTests/Info.plist;
				IPHONEOS_DEPLOYMENT_TARGET = 13.2;
				LD_RUNPATH_SEARCH_PATHS = (
					"$(inherited)",
					"@executable_path/Frameworks",
					"@loader_path/Frameworks",
				);
				PRODUCT_BUNDLE_IDENTIFIER = com.dTalkTests;
				PRODUCT_NAME = "$(TARGET_NAME)";
				SWIFT_VERSION = 5.0;
				TARGETED_DEVICE_FAMILY = "1,2";
				TEST_HOST = "$(BUILT_PRODUCTS_DIR)/dTalk.app/dTalk";
			};
			name = Debug;
		};
		93CAEE2824D5FF01000CFF06 /* Release */ = {
			isa = XCBuildConfiguration;
			baseConfigurationReference = BB868755F8B5E68D44680AE9 /* Pods-dTalkTests.release.xcconfig */;
			buildSettings = {
				ALWAYS_EMBED_SWIFT_STANDARD_LIBRARIES = YES;
				BUNDLE_LOADER = "$(TEST_HOST)";
				CODE_SIGN_STYLE = Automatic;
				DEVELOPMENT_TEAM = MSAZQKNRM4;
				INFOPLIST_FILE = dTalkTests/Info.plist;
				IPHONEOS_DEPLOYMENT_TARGET = 13.2;
				LD_RUNPATH_SEARCH_PATHS = (
					"$(inherited)",
					"@executable_path/Frameworks",
					"@loader_path/Frameworks",
				);
				PRODUCT_BUNDLE_IDENTIFIER = com.dTalkTests;
				PRODUCT_NAME = "$(TARGET_NAME)";
				SWIFT_VERSION = 5.0;
				TARGETED_DEVICE_FAMILY = "1,2";
				TEST_HOST = "$(BUILT_PRODUCTS_DIR)/dTalk.app/dTalk";
			};
			name = Release;
		};
		93CAEE2A24D5FF01000CFF06 /* Debug */ = {
			isa = XCBuildConfiguration;
			baseConfigurationReference = 540EEDFB149A2E5E7DF1EE17 /* Pods-dTalk-dTalkUITests.debug.xcconfig */;
			buildSettings = {
				ALWAYS_EMBED_SWIFT_STANDARD_LIBRARIES = YES;
				CODE_SIGN_STYLE = Automatic;
				DEVELOPMENT_TEAM = MSAZQKNRM4;
				INFOPLIST_FILE = dTalkUITests/Info.plist;
				LD_RUNPATH_SEARCH_PATHS = (
					"$(inherited)",
					"@executable_path/Frameworks",
					"@loader_path/Frameworks",
				);
				PRODUCT_BUNDLE_IDENTIFIER = com.dTalkUITests;
				PRODUCT_NAME = "$(TARGET_NAME)";
				SWIFT_VERSION = 5.0;
				TARGETED_DEVICE_FAMILY = "1,2";
				TEST_TARGET_NAME = dTalk;
			};
			name = Debug;
		};
		93CAEE2B24D5FF01000CFF06 /* Release */ = {
			isa = XCBuildConfiguration;
			baseConfigurationReference = 70EA3654E67542AFBE2AA644 /* Pods-dTalk-dTalkUITests.release.xcconfig */;
			buildSettings = {
				ALWAYS_EMBED_SWIFT_STANDARD_LIBRARIES = YES;
				CODE_SIGN_STYLE = Automatic;
				DEVELOPMENT_TEAM = MSAZQKNRM4;
				INFOPLIST_FILE = dTalkUITests/Info.plist;
				LD_RUNPATH_SEARCH_PATHS = (
					"$(inherited)",
					"@executable_path/Frameworks",
					"@loader_path/Frameworks",
				);
				PRODUCT_BUNDLE_IDENTIFIER = com.dTalkUITests;
				PRODUCT_NAME = "$(TARGET_NAME)";
				SWIFT_VERSION = 5.0;
				TARGETED_DEVICE_FAMILY = "1,2";
				TEST_TARGET_NAME = dTalk;
			};
			name = Release;
		};
/* End XCBuildConfiguration section */

/* Begin XCConfigurationList section */
		93CAEDF124D5FF00000CFF06 /* Build configuration list for PBXProject "dTalk" */ = {
			isa = XCConfigurationList;
			buildConfigurations = (
				93CAEE2124D5FF01000CFF06 /* Debug */,
				93CAEE2224D5FF01000CFF06 /* Release */,
			);
			defaultConfigurationIsVisible = 0;
			defaultConfigurationName = Release;
		};
		93CAEE2324D5FF01000CFF06 /* Build configuration list for PBXNativeTarget "dTalk" */ = {
			isa = XCConfigurationList;
			buildConfigurations = (
				93CAEE2424D5FF01000CFF06 /* Debug */,
				93CAEE2524D5FF01000CFF06 /* Release */,
			);
			defaultConfigurationIsVisible = 0;
			defaultConfigurationName = Release;
		};
		93CAEE2624D5FF01000CFF06 /* Build configuration list for PBXNativeTarget "dTalkTests" */ = {
			isa = XCConfigurationList;
			buildConfigurations = (
				93CAEE2724D5FF01000CFF06 /* Debug */,
				93CAEE2824D5FF01000CFF06 /* Release */,
			);
			defaultConfigurationIsVisible = 0;
			defaultConfigurationName = Release;
		};
		93CAEE2924D5FF01000CFF06 /* Build configuration list for PBXNativeTarget "dTalkUITests" */ = {
			isa = XCConfigurationList;
			buildConfigurations = (
				93CAEE2A24D5FF01000CFF06 /* Debug */,
				93CAEE2B24D5FF01000CFF06 /* Release */,
			);
			defaultConfigurationIsVisible = 0;
			defaultConfigurationName = Release;
		};
/* End XCConfigurationList section */

/* Begin XCVersionGroup section */
		93CAEE0224D5FF00000CFF06 /* dTalk.xcdatamodeld */ = {
			isa = XCVersionGroup;
			children = (
				93CAEE0324D5FF00000CFF06 /* dTalk.xcdatamodel */,
			);
			currentVersion = 93CAEE0324D5FF00000CFF06 /* dTalk.xcdatamodel */;
			path = dTalk.xcdatamodeld;
			sourceTree = "<group>";
			versionGroupType = wrapper.xcdatamodel;
		};
/* End XCVersionGroup section */
	};
	rootObject = 93CAEDEE24D5FF00000CFF06 /* Project object */;
}
